
Microsoft Visual Studio Solution File, Format Version 12.00
# Visual Studio 15
VisualStudioVersion = 15.0.28307.421
MinimumVisualStudioVersion = 10.0.40219.1
Project("{FAE04EC0-301F-11D3-BF4B-00C04F79EFBC}") = "Workshop2019.Accounting", "Workshop2019.Accounting\Workshop2019.Accounting.csproj", "{619D03CA-66BE-4BE6-87C7-B7BB555F383D}"
EndProject
Global
	GlobalSection(SolutionConfigurationPlatforms) = preSolution
		Debug|Any CPU = Debug|Any CPU
		Release|Any CPU = Release|Any CPU
	EndGlobalSection
	GlobalSection(ProjectConfigurationPlatforms) = postSolution
		{619D03CA-66BE-4BE6-87C7-B7BB555F383D}.Debug|Any CPU.ActiveCfg = Debug|Any CPU
		{619D03CA-66BE-4BE6-87C7-B7BB555F383D}.Debug|Any CPU.Build.0 = Debug|Any CPU
		{619D03CA-66BE-4BE6-87C7-B7BB555F383D}.Release|Any CPU.ActiveCfg = Release|Any CPU
		{619D03CA-66BE-4BE6-87C7-B7BB555F383D}.Release|Any CPU.Build.0 = Release|Any CPU
	EndGlobalSection
	GlobalSection(SolutionProperties) = preSolution
		HideSolutionNode = FALSE
	EndGlobalSection
	GlobalSection(ExtensibilityGlobals) = postSolution
		SolutionGuid = {0D96A38F-A55C-421B-8A0A-2CFB8A119E8E}
	EndGlobalSection
EndGlobal
